
Microsoft Visual Studio Solution File, Format Version 12.00
# Visual Studio Version 16
VisualStudioVersion = 16.0.29926.136
MinimumVisualStudioVersion = 10.0.40219.1
Project("{FAE04EC0-301F-11D3-BF4B-00C04F79EFBC}") = "PATTERNSTATEFromScratch", "PATTERNSTATEFromScratch\PATTERNSTATEFromScratch.csproj", "{39481092-6C50-4A62-AF73-98195C0114E8}"
EndProject
Global
	GlobalSection(SolutionConfigurationPlatforms) = preSolution
		Debug|Any CPU = Debug|Any CPU
		Release|Any CPU = Release|Any CPU
	EndGlobalSection
	GlobalSection(ProjectConfigurationPlatforms) = postSolution
		{39481092-6C50-4A62-AF73-98195C0114E8}.Debug|Any CPU.ActiveCfg = Debug|Any CPU
		{39481092-6C50-4A62-AF73-98195C0114E8}.Debug|Any CPU.Build.0 = Debug|Any CPU
		{39481092-6C50-4A62-AF73-98195C0114E8}.Release|Any CPU.ActiveCfg = Release|Any CPU
		{39481092-6C50-4A62-AF73-98195C0114E8}.Release|Any CPU.Build.0 = Release|Any CPU
	EndGlobalSection
	GlobalSection(SolutionProperties) = preSolution
		HideSolutionNode = FALSE
	EndGlobalSection
	GlobalSection(ExtensibilityGlobals) = postSolution
		SolutionGuid = {6DCCC96F-0B49-4E92-806D-BA80A1C140DE}
	EndGlobalSection
EndGlobal
